<?xml version="1.0" encoding="utf-8"?>
<Project ToolsVersion="4.0" xmlns="http://schemas.microsoft.com/developer/msbuild/2003">
  <ItemGroup>
    <Filter Include="SDLWrapper">
      <UniqueIdentifier>{592f8494-aa2b-4bee-84f4-fd06fc7be4a4}</UniqueIdentifier>
    </Filter>
    <Filter Include="Application">
      <UniqueIdentifier>{6a25fe6b-5bf0-4657-9b91-ece7d62b7287}</UniqueIdentifier>
    </Filter>
    <Filter Include="Clock">
      <UniqueIdentifier>{b4193edc-d4d3-4499-ba5d-c8fb40baf9c7}</UniqueIdentifier>
    </Filter>
    <Filter Include="Shaders">
      <UniqueIdentifier>{adfd1f82-f0b1-4719-8cd9-57e1e21359a7}</UniqueIdentifier>
    </Filter>
    <Filter Include="IO">
      <UniqueIdentifier>{dbf5d9e3-5ec8-4c41-a0d4-bfd910484608}</UniqueIdentifier>
    </Filter>
    <Filter Include="Assets">
      <UniqueIdentifier>{b919a518-19cd-4151-86aa-30d44b7622e4}</UniqueIdentifier>
    </Filter>
    <Filter Include="Graphics">
      <UniqueIdentifier>{e18f8df2-1a2a-4869-b835-54148610f63a}</UniqueIdentifier>
    </Filter>
    <Filter Include="Graphics\Camera">
      <UniqueIdentifier>{d25b5a55-b074-4300-9c1c-462bd700a91e}</UniqueIdentifier>
    </Filter>
    <Filter Include="Graphics\Renderer">
      <UniqueIdentifier>{8370b94b-9e9c-4e01-83f9-4511df9aee50}</UniqueIdentifier>
    </Filter>
    <Filter Include="Graphics\RenderPasses">
      <UniqueIdentifier>{0eb68f83-8db6-44ce-892e-7e30f45eea9c}</UniqueIdentifier>
    </Filter>
    <Filter Include="Graphics\Textures">
      <UniqueIdentifier>{53c3be46-6cae-48df-b076-33094db37326}</UniqueIdentifier>
    </Filter>
    <Filter Include="LUTs">
      <UniqueIdentifier>{a1296784-a2a6-4103-9aa3-e007147f6e73}</UniqueIdentifier>
    </Filter>
    <Filter Include="Graphics\ParticleSystem">
      <UniqueIdentifier>{4672a713-99d4-4bfc-9933-1430d51237cf}</UniqueIdentifier>
    </Filter>
    <Filter Include="KDTree">
      <UniqueIdentifier>{7554cbdf-fbf1-49b1-ab31-8a47d694f4e6}</UniqueIdentifier>
    </Filter>
    <Filter Include="KDTree\DebugPrimitives">
      <UniqueIdentifier>{00f610a0-3cc3-4b24-82b3-95b7e0962ac6}</UniqueIdentifier>
    </Filter>
  </ItemGroup>
  <ItemGroup>
    <ClCompile Include="main.cpp" />
    <ClCompile Include="Application.cpp">
      <Filter>Application</Filter>
    </ClCompile>
    <ClCompile Include="Timer.cpp">
      <Filter>Clock</Filter>
    </ClCompile>
    <ClCompile Include="ShaderProgram.cpp">
      <Filter>Shaders</Filter>
    </ClCompile>
    <ClCompile Include="FileReader.cpp">
      <Filter>IO</Filter>
    </ClCompile>
    <ClCompile Include="AssetManager.cpp">
      <Filter>Assets</Filter>
    </ClCompile>
    <ClCompile Include="Camera.cpp">
      <Filter>Graphics\Camera</Filter>
    </ClCompile>
    <ClCompile Include="OpenGLRenderer.cpp">
      <Filter>Graphics\Renderer</Filter>
    </ClCompile>
    <ClCompile Include="DensityPass.cpp">
      <Filter>Graphics\RenderPasses</Filter>
    </ClCompile>
    <ClCompile Include="Texture3D.cpp">
      <Filter>Graphics\Textures</Filter>
    </ClCompile>
    <ClCompile Include="GeometryPass.cpp">
      <Filter>Graphics\RenderPasses</Filter>
    </ClCompile>
    <ClCompile Include="GPUNoise.cpp">
      <Filter>Graphics</Filter>
    </ClCompile>
    <ClCompile Include="ParticleSystem.cpp">
      <Filter>Graphics\ParticleSystem</Filter>
    </ClCompile>
    <ClCompile Include="KDTreeController.cpp">
      <Filter>KDTree</Filter>
    </ClCompile>
    <ClCompile Include="BoundingBox.cpp">
      <Filter>KDTree</Filter>
    </ClCompile>
    <ClCompile Include="Ray.cpp">
      <Filter>KDTree</Filter>
    </ClCompile>
    <ClCompile Include="OGLTriangle.cpp">
      <Filter>KDTree\DebugPrimitives</Filter>
    </ClCompile>
    <ClCompile Include="ShadowPass.cpp">
      <Filter>Graphics\RenderPasses</Filter>
    </ClCompile>
  </ItemGroup>
  <ItemGroup>
    <ClInclude Include="SDLWrapper.h">
      <Filter>SDLWrapper</Filter>
    </ClInclude>
    <ClInclude Include="Application.h">
      <Filter>Application</Filter>
    </ClInclude>
    <ClInclude Include="Timer.h">
      <Filter>Clock</Filter>
    </ClInclude>
    <ClInclude Include="Shader.h">
      <Filter>Shaders</Filter>
    </ClInclude>
    <ClInclude Include="ShaderProgram.h">
      <Filter>Shaders</Filter>
    </ClInclude>
    <ClInclude Include="FileReader.h">
      <Filter>IO</Filter>
    </ClInclude>
    <ClInclude Include="AssetManager.h">
      <Filter>Assets</Filter>
    </ClInclude>
    <ClInclude Include="Camera.h">
      <Filter>Graphics\Camera</Filter>
    </ClInclude>
    <ClInclude Include="OpenGLRenderer.h">
      <Filter>Graphics\Renderer</Filter>
    </ClInclude>
    <ClInclude Include="DensityPass.h">
      <Filter>Graphics\RenderPasses</Filter>
    </ClInclude>
    <ClInclude Include="Texture3D.h">
      <Filter>Graphics\Textures</Filter>
    </ClInclude>
    <ClInclude Include="GeometryPass.h">
      <Filter>Graphics\RenderPasses</Filter>
    </ClInclude>
    <ClInclude Include="mc_cases_lut.h">
      <Filter>LUTs</Filter>
    </ClInclude>
    <ClInclude Include="GPUNoise.h">
      <Filter>Graphics</Filter>
    </ClInclude>
    <ClInclude Include="Cube.h" />
    <ClInclude Include="ParticleSystem.h">
      <Filter>Graphics\ParticleSystem</Filter>
    </ClInclude>
    <ClInclude Include="Particle.h">
      <Filter>Graphics\ParticleSystem</Filter>
    </ClInclude>
    <ClInclude Include="KDTreeController.h">
      <Filter>KDTree</Filter>
    </ClInclude>
    <ClInclude Include="BoundingBox.h">
      <Filter>KDTree</Filter>
    </ClInclude>
    <ClInclude Include="Ray.h">
      <Filter>KDTree</Filter>
    </ClInclude>
    <ClInclude Include="MathUtil.h">
      <Filter>KDTree</Filter>
    </ClInclude>
    <ClInclude Include="OGLTriangle.h">
      <Filter>KDTree\DebugPrimitives</Filter>
    </ClInclude>
    <ClInclude Include="Random.h">
      <Filter>Application</Filter>
    </ClInclude>
    <ClInclude Include="ShadowPass.h">
      <Filter>Graphics\RenderPasses</Filter>
    </ClInclude>
    <ClInclude Include="Meshes.h">
      <Filter>Assets</Filter>
    </ClInclude>
  </ItemGroup>
</Project>